// !$*UTF8*$!
{
	archiveVersion = 1;
	classes = {
	};
	objectVersion = 46;
	objects = {

/* Begin PBXBuildFile section */
		4228CFD91CC665AF005902A1 /* AppDelegate.swift in Sources */ = {isa = PBXBuildFile; fileRef = 4228CFD81CC665AF005902A1 /* AppDelegate.swift */; };
		4228CFDB1CC665AF005902A1 /* ViewController.swift in Sources */ = {isa = PBXBuildFile; fileRef = 4228CFDA1CC665AF005902A1 /* ViewController.swift */; };
		4228CFDE1CC665AF005902A1 /* Main.storyboard in Resources */ = {isa = PBXBuildFile; fileRef = 4228CFDC1CC665AF005902A1 /* Main.storyboard */; };
		4228CFE01CC665AF005902A1 /* Assets.xcassets in Resources */ = {isa = PBXBuildFile; fileRef = 4228CFDF1CC665AF005902A1 /* Assets.xcassets */; };
		4228CFE31CC665AF005902A1 /* LaunchScreen.storyboard in Resources */ = {isa = PBXBuildFile; fileRef = 4228CFE11CC665AF005902A1 /* LaunchScreen.storyboard */; };
		4228CFEE1CC665AF005902A1 /* ImagePickerControllerTests.swift in Sources */ = {isa = PBXBuildFile; fileRef = 4228CFED1CC665AF005902A1 /* ImagePickerControllerTests.swift */; };
		4228CFF91CC665AF005902A1 /* ImagePickerControllerUITests.swift in Sources */ = {isa = PBXBuildFile; fileRef = 4228CFF81CC665AF005902A1 /* ImagePickerControllerUITests.swift */; };
		4228D0081CC665D8005902A1 /* ImagePickerController.swift in Sources */ = {isa = PBXBuildFile; fileRef = 4228D0071CC665D8005902A1 /* ImagePickerController.swift */; };
		4228D00A1CC665F8005902A1 /* GalleryViewController.swift in Sources */ = {isa = PBXBuildFile; fileRef = 4228D0091CC665F8005902A1 /* GalleryViewController.swift */; };
		4228D00C1CC66617005902A1 /* GalleryCollectionViewCell.swift in Sources */ = {isa = PBXBuildFile; fileRef = 4228D00B1CC66617005902A1 /* GalleryCollectionViewCell.swift */; };
		4228D00E1CC666FC005902A1 /* ImagePickerModel.swift in Sources */ = {isa = PBXBuildFile; fileRef = 4228D00D1CC666FC005902A1 /* ImagePickerModel.swift */; };
		4228D0101CC69659005902A1 /* CameraViewController.swift in Sources */ = {isa = PBXBuildFile; fileRef = 4228D00F1CC69659005902A1 /* CameraViewController.swift */; };
		4228D0141CC6E2F0005902A1 /* TopView.swift in Sources */ = {isa = PBXBuildFile; fileRef = 4228D0131CC6E2F0005902A1 /* TopView.swift */; };
		4228D0181CC6FFEE005902A1 /* BottomView.swift in Sources */ = {isa = PBXBuildFile; fileRef = 4228D0171CC6FFEE005902A1 /* BottomView.swift */; };
		4228D01A1CC7014A005902A1 /* ShutterButton.swift in Sources */ = {isa = PBXBuildFile; fileRef = 4228D0191CC7014A005902A1 /* ShutterButton.swift */; };
		42E712591CC7D07B00017759 /* ImageStackView.swift in Sources */ = {isa = PBXBuildFile; fileRef = 42E712581CC7D07B00017759 /* ImageStackView.swift */; };
		42E712611CC816B400017759 /* AUTO@3x.png in Resources */ = {isa = PBXBuildFile; fileRef = 42E7125B1CC816B400017759 /* AUTO@3x.png */; };
		42E712621CC816B400017759 /* cameraIcon@3x.png in Resources */ = {isa = PBXBuildFile; fileRef = 42E7125C1CC816B400017759 /* cameraIcon@3x.png */; };
		42E712631CC816B400017759 /* focusIcon@3x.png in Resources */ = {isa = PBXBuildFile; fileRef = 42E7125D1CC816B400017759 /* focusIcon@3x.png */; };
		42E712641CC816B400017759 /* OFF@3x.png in Resources */ = {isa = PBXBuildFile; fileRef = 42E7125E1CC816B400017759 /* OFF@3x.png */; };
		42E712651CC816B400017759 /* ON@3x.png in Resources */ = {isa = PBXBuildFile; fileRef = 42E7125F1CC816B400017759 /* ON@3x.png */; };
		42E712661CC816B400017759 /* selectedImageGallery@3x.png in Resources */ = {isa = PBXBuildFile; fileRef = 42E712601CC816B400017759 /* selectedImageGallery@3x.png */; };
		42E712681CC816DE00017759 /* AssetManager.swift in Sources */ = {isa = PBXBuildFile; fileRef = 42E712671CC816DE00017759 /* AssetManager.swift */; };
/* End PBXBuildFile section */

/* Begin PBXContainerItemProxy section */
		4228CFEA1CC665AF005902A1 /* PBXContainerItemProxy */ = {
			isa = PBXContainerItemProxy;
			containerPortal = 4228CFCD1CC665AF005902A1 /* Project object */;
			proxyType = 1;
			remoteGlobalIDString = 4228CFD41CC665AF005902A1;
			remoteInfo = ImagePickerController;
		};
		4228CFF51CC665AF005902A1 /* PBXContainerItemProxy */ = {
			isa = PBXContainerItemProxy;
			containerPortal = 4228CFCD1CC665AF005902A1 /* Project object */;
			proxyType = 1;
			remoteGlobalIDString = 4228CFD41CC665AF005902A1;
			remoteInfo = ImagePickerController;
		};
/* End PBXContainerItemProxy section */

/* Begin PBXFileReference section */
		4228CFD51CC665AF005902A1 /* ImagePickerController.app */ = {isa = PBXFileReference; explicitFileType = wrapper.application; includeInIndex = 0; path = ImagePickerController.app; sourceTree = BUILT_PRODUCTS_DIR; };
		4228CFD81CC665AF005902A1 /* AppDelegate.swift */ = {isa = PBXFileReference; lastKnownFileType = sourcecode.swift; path = AppDelegate.swift; sourceTree = "<group>"; };
		4228CFDA1CC665AF005902A1 /* ViewController.swift */ = {isa = PBXFileReference; lastKnownFileType = sourcecode.swift; path = ViewController.swift; sourceTree = "<group>"; };
		4228CFDD1CC665AF005902A1 /* Base */ = {isa = PBXFileReference; lastKnownFileType = file.storyboard; name = Base; path = Base.lproj/Main.storyboard; sourceTree = "<group>"; };
		4228CFDF1CC665AF005902A1 /* Assets.xcassets */ = {isa = PBXFileReference; lastKnownFileType = folder.assetcatalog; path = Assets.xcassets; sourceTree = "<group>"; };
		4228CFE21CC665AF005902A1 /* Base */ = {isa = PBXFileReference; lastKnownFileType = file.storyboard; name = Base; path = Base.lproj/LaunchScreen.storyboard; sourceTree = "<group>"; };
		4228CFE41CC665AF005902A1 /* Info.plist */ = {isa = PBXFileReference; lastKnownFileType = text.plist.xml; path = Info.plist; sourceTree = "<group>"; };
		4228CFE91CC665AF005902A1 /* ImagePickerControllerTests.xctest */ = {isa = PBXFileReference; explicitFileType = wrapper.cfbundle; includeInIndex = 0; path = ImagePickerControllerTests.xctest; sourceTree = BUILT_PRODUCTS_DIR; };
		4228CFED1CC665AF005902A1 /* ImagePickerControllerTests.swift */ = {isa = PBXFileReference; lastKnownFileType = sourcecode.swift; path = ImagePickerControllerTests.swift; sourceTree = "<group>"; };
		4228CFEF1CC665AF005902A1 /* Info.plist */ = {isa = PBXFileReference; lastKnownFileType = text.plist.xml; path = Info.plist; sourceTree = "<group>"; };
		4228CFF41CC665AF005902A1 /* ImagePickerControllerUITests.xctest */ = {isa = PBXFileReference; explicitFileType = wrapper.cfbundle; includeInIndex = 0; path = ImagePickerControllerUITests.xctest; sourceTree = BUILT_PRODUCTS_DIR; };
		4228CFF81CC665AF005902A1 /* ImagePickerControllerUITests.swift */ = {isa = PBXFileReference; lastKnownFileType = sourcecode.swift; path = ImagePickerControllerUITests.swift; sourceTree = "<group>"; };
		4228CFFA1CC665AF005902A1 /* Info.plist */ = {isa = PBXFileReference; lastKnownFileType = text.plist.xml; path = Info.plist; sourceTree = "<group>"; };
		4228D0071CC665D8005902A1 /* ImagePickerController.swift */ = {isa = PBXFileReference; fileEncoding = 4; lastKnownFileType = sourcecode.swift; name = ImagePickerController.swift; path = ../Classes/ImagePickerController.swift; sourceTree = "<group>"; };
		4228D0091CC665F8005902A1 /* GalleryViewController.swift */ = {isa = PBXFileReference; fileEncoding = 4; lastKnownFileType = sourcecode.swift; name = GalleryViewController.swift; path = ../Classes/GalleryViewController.swift; sourceTree = "<group>"; };
		4228D00B1CC66617005902A1 /* GalleryCollectionViewCell.swift */ = {isa = PBXFileReference; fileEncoding = 4; lastKnownFileType = sourcecode.swift; name = GalleryCollectionViewCell.swift; path = ../Classes/GalleryCollectionViewCell.swift; sourceTree = "<group>"; };
		4228D00D1CC666FC005902A1 /* ImagePickerModel.swift */ = {isa = PBXFileReference; fileEncoding = 4; lastKnownFileType = sourcecode.swift; name = ImagePickerModel.swift; path = ../Classes/ImagePickerModel.swift; sourceTree = "<group>"; };
		4228D00F1CC69659005902A1 /* CameraViewController.swift */ = {isa = PBXFileReference; fileEncoding = 4; lastKnownFileType = sourcecode.swift; name = CameraViewController.swift; path = ../Classes/CameraViewController.swift; sourceTree = "<group>"; };
		4228D0131CC6E2F0005902A1 /* TopView.swift */ = {isa = PBXFileReference; fileEncoding = 4; lastKnownFileType = sourcecode.swift; name = TopView.swift; path = ../Classes/TopView.swift; sourceTree = "<group>"; };
		4228D0171CC6FFEE005902A1 /* BottomView.swift */ = {isa = PBXFileReference; fileEncoding = 4; lastKnownFileType = sourcecode.swift; name = BottomView.swift; path = ../Classes/BottomView.swift; sourceTree = "<group>"; };
		4228D0191CC7014A005902A1 /* ShutterButton.swift */ = {isa = PBXFileReference; fileEncoding = 4; lastKnownFileType = sourcecode.swift; name = ShutterButton.swift; path = ../Classes/ShutterButton.swift; sourceTree = "<group>"; };
		42E712581CC7D07B00017759 /* ImageStackView.swift */ = {isa = PBXFileReference; fileEncoding = 4; lastKnownFileType = sourcecode.swift; name = ImageStackView.swift; path = ../Classes/ImageStackView.swift; sourceTree = "<group>"; };
		42E7125B1CC816B400017759 /* AUTO@3x.png */ = {isa = PBXFileReference; lastKnownFileType = image.png; path = "AUTO@3x.png"; sourceTree = "<group>"; };
		42E7125C1CC816B400017759 /* cameraIcon@3x.png */ = {isa = PBXFileReference; lastKnownFileType = image.png; path = "cameraIcon@3x.png"; sourceTree = "<group>"; };
		42E7125D1CC816B400017759 /* focusIcon@3x.png */ = {isa = PBXFileReference; lastKnownFileType = image.png; path = "focusIcon@3x.png"; sourceTree = "<group>"; };
		42E7125E1CC816B400017759 /* OFF@3x.png */ = {isa = PBXFileReference; lastKnownFileType = image.png; path = "OFF@3x.png"; sourceTree = "<group>"; };
		42E7125F1CC816B400017759 /* ON@3x.png */ = {isa = PBXFileReference; lastKnownFileType = image.png; path = "ON@3x.png"; sourceTree = "<group>"; };
		42E712601CC816B400017759 /* selectedImageGallery@3x.png */ = {isa = PBXFileReference; lastKnownFileType = image.png; path = "selectedImageGallery@3x.png"; sourceTree = "<group>"; };
		42E712671CC816DE00017759 /* AssetManager.swift */ = {isa = PBXFileReference; fileEncoding = 4; lastKnownFileType = sourcecode.swift; name = AssetManager.swift; path = ../Classes/AssetManager.swift; sourceTree = "<group>"; };
/* End PBXFileReference section */

/* Begin PBXFrameworksBuildPhase section */
		4228CFD21CC665AF005902A1 /* Frameworks */ = {
			isa = PBXFrameworksBuildPhase;
			buildActionMask = 2147483647;
			files = (
			);
			runOnlyForDeploymentPostprocessing = 0;
		};
		4228CFE61CC665AF005902A1 /* Frameworks */ = {
			isa = PBXFrameworksBuildPhase;
			buildActionMask = 2147483647;
			files = (
			);
			runOnlyForDeploymentPostprocessing = 0;
		};
		4228CFF11CC665AF005902A1 /* Frameworks */ = {
			isa = PBXFrameworksBuildPhase;
			buildActionMask = 2147483647;
			files = (
			);
			runOnlyForDeploymentPostprocessing = 0;
		};
/* End PBXFrameworksBuildPhase section */

/* Begin PBXGroup section */
		4228CFCC1CC665AF005902A1 = {
			isa = PBXGroup;
			children = (
				4228D0061CC665C5005902A1 /* Classes */,
				42E7125A1CC816B400017759 /* Images */,
				4228CFD71CC665AF005902A1 /* ImagePickerController */,
				4228CFEC1CC665AF005902A1 /* ImagePickerControllerTests */,
				4228CFF71CC665AF005902A1 /* ImagePickerControllerUITests */,
				4228CFD61CC665AF005902A1 /* Products */,
			);
			sourceTree = "<group>";
		};
		4228CFD61CC665AF005902A1 /* Products */ = {
			isa = PBXGroup;
			children = (
				4228CFD51CC665AF005902A1 /* ImagePickerController.app */,
				4228CFE91CC665AF005902A1 /* ImagePickerControllerTests.xctest */,
				4228CFF41CC665AF005902A1 /* ImagePickerControllerUITests.xctest */,
			);
			name = Products;
			sourceTree = "<group>";
		};
		4228CFD71CC665AF005902A1 /* ImagePickerController */ = {
			isa = PBXGroup;
			children = (
				4228CFD81CC665AF005902A1 /* AppDelegate.swift */,
				4228CFDA1CC665AF005902A1 /* ViewController.swift */,
				4228CFDC1CC665AF005902A1 /* Main.storyboard */,
				4228CFDF1CC665AF005902A1 /* Assets.xcassets */,
				4228CFE11CC665AF005902A1 /* LaunchScreen.storyboard */,
				4228CFE41CC665AF005902A1 /* Info.plist */,
			);
			path = ImagePickerController;
			sourceTree = "<group>";
		};
		4228CFEC1CC665AF005902A1 /* ImagePickerControllerTests */ = {
			isa = PBXGroup;
			children = (
				4228CFED1CC665AF005902A1 /* ImagePickerControllerTests.swift */,
				4228CFEF1CC665AF005902A1 /* Info.plist */,
			);
			path = ImagePickerControllerTests;
			sourceTree = "<group>";
		};
		4228CFF71CC665AF005902A1 /* ImagePickerControllerUITests */ = {
			isa = PBXGroup;
			children = (
				4228CFF81CC665AF005902A1 /* ImagePickerControllerUITests.swift */,
				4228CFFA1CC665AF005902A1 /* Info.plist */,
			);
			path = ImagePickerControllerUITests;
			sourceTree = "<group>";
		};
		4228D0061CC665C5005902A1 /* Classes */ = {
			isa = PBXGroup;
			children = (
				4228D0161CC6FFD8005902A1 /* Bottom */,
				4228D0121CC69CBA005902A1 /* Camera */,
				4228D0111CC69CB5005902A1 /* Gallery */,
				4228D0151CC6E2F7005902A1 /* Top */,
				4228D0071CC665D8005902A1 /* ImagePickerController.swift */,
				4228D00D1CC666FC005902A1 /* ImagePickerModel.swift */,
				42E712671CC816DE00017759 /* AssetManager.swift */,
			);
			path = Classes;
			sourceTree = "<group>";
		};
		4228D0111CC69CB5005902A1 /* Gallery */ = {
			isa = PBXGroup;
			children = (
				4228D0091CC665F8005902A1 /* GalleryViewController.swift */,
				4228D00B1CC66617005902A1 /* GalleryCollectionViewCell.swift */,
			);
			name = Gallery;
			sourceTree = "<group>";
		};
		4228D0121CC69CBA005902A1 /* Camera */ = {
			isa = PBXGroup;
			children = (
				4228D00F1CC69659005902A1 /* CameraViewController.swift */,
			);
			name = Camera;
			sourceTree = "<group>";
		};
		4228D0151CC6E2F7005902A1 /* Top */ = {
			isa = PBXGroup;
			children = (
				4228D0131CC6E2F0005902A1 /* TopView.swift */,
			);
			name = Top;
			sourceTree = "<group>";
		};
		4228D0161CC6FFD8005902A1 /* Bottom */ = {
			isa = PBXGroup;
			children = (
				4228D0171CC6FFEE005902A1 /* BottomView.swift */,
				4228D0191CC7014A005902A1 /* ShutterButton.swift */,
				42E712581CC7D07B00017759 /* ImageStackView.swift */,
			);
			name = Bottom;
			sourceTree = "<group>";
		};
		42E7125A1CC816B400017759 /* Images */ = {
			isa = PBXGroup;
			children = (
				42E7125B1CC816B400017759 /* AUTO@3x.png */,
				42E7125C1CC816B400017759 /* cameraIcon@3x.png */,
				42E7125D1CC816B400017759 /* focusIcon@3x.png */,
				42E7125E1CC816B400017759 /* OFF@3x.png */,
				42E7125F1CC816B400017759 /* ON@3x.png */,
				42E712601CC816B400017759 /* selectedImageGallery@3x.png */,
			);
			path = Images;
			sourceTree = "<group>";
		};
/* End PBXGroup section */

/* Begin PBXNativeTarget section */
		4228CFD41CC665AF005902A1 /* ImagePickerController */ = {
			isa = PBXNativeTarget;
			buildConfigurationList = 4228CFFD1CC665AF005902A1 /* Build configuration list for PBXNativeTarget "ImagePickerController" */;
			buildPhases = (
				4228CFD11CC665AF005902A1 /* Sources */,
				4228CFD21CC665AF005902A1 /* Frameworks */,
				4228CFD31CC665AF005902A1 /* Resources */,
			);
			buildRules = (
			);
			dependencies = (
			);
			name = ImagePickerController;
			productName = ImagePickerController;
			productReference = 4228CFD51CC665AF005902A1 /* ImagePickerController.app */;
			productType = "com.apple.product-type.application";
		};
		4228CFE81CC665AF005902A1 /* ImagePickerControllerTests */ = {
			isa = PBXNativeTarget;
			buildConfigurationList = 4228D0001CC665AF005902A1 /* Build configuration list for PBXNativeTarget "ImagePickerControllerTests" */;
			buildPhases = (
				4228CFE51CC665AF005902A1 /* Sources */,
				4228CFE61CC665AF005902A1 /* Frameworks */,
				4228CFE71CC665AF005902A1 /* Resources */,
			);
			buildRules = (
			);
			dependencies = (
				4228CFEB1CC665AF005902A1 /* PBXTargetDependency */,
			);
			name = ImagePickerControllerTests;
			productName = ImagePickerControllerTests;
			productReference = 4228CFE91CC665AF005902A1 /* ImagePickerControllerTests.xctest */;
			productType = "com.apple.product-type.bundle.unit-test";
		};
		4228CFF31CC665AF005902A1 /* ImagePickerControllerUITests */ = {
			isa = PBXNativeTarget;
			buildConfigurationList = 4228D0031CC665AF005902A1 /* Build configuration list for PBXNativeTarget "ImagePickerControllerUITests" */;
			buildPhases = (
				4228CFF01CC665AF005902A1 /* Sources */,
				4228CFF11CC665AF005902A1 /* Frameworks */,
				4228CFF21CC665AF005902A1 /* Resources */,
			);
			buildRules = (
			);
			dependencies = (
				4228CFF61CC665AF005902A1 /* PBXTargetDependency */,
			);
			name = ImagePickerControllerUITests;
			productName = ImagePickerControllerUITests;
			productReference = 4228CFF41CC665AF005902A1 /* ImagePickerControllerUITests.xctest */;
			productType = "com.apple.product-type.bundle.ui-testing";
		};
/* End PBXNativeTarget section */

/* Begin PBXProject section */
		4228CFCD1CC665AF005902A1 /* Project object */ = {
			isa = PBXProject;
			attributes = {
				LastSwiftUpdateCheck = 0730;
				LastUpgradeCheck = 0730;
				ORGANIZATIONNAME = "Six Overground";
				TargetAttributes = {
					4228CFD41CC665AF005902A1 = {
						CreatedOnToolsVersion = 7.3;
						DevelopmentTeam = 2HP57438TZ;
					};
					4228CFE81CC665AF005902A1 = {
						CreatedOnToolsVersion = 7.3;
						TestTargetID = 4228CFD41CC665AF005902A1;
					};
					4228CFF31CC665AF005902A1 = {
						CreatedOnToolsVersion = 7.3;
						TestTargetID = 4228CFD41CC665AF005902A1;
					};
				};
			};
			buildConfigurationList = 4228CFD01CC665AF005902A1 /* Build configuration list for PBXProject "ImagePickerController" */;
			compatibilityVersion = "Xcode 3.2";
			developmentRegion = English;
			hasScannedForEncodings = 0;
			knownRegions = (
				en,
				Base,
			);
			mainGroup = 4228CFCC1CC665AF005902A1;
			productRefGroup = 4228CFD61CC665AF005902A1 /* Products */;
			projectDirPath = "";
			projectRoot = "";
			targets = (
				4228CFD41CC665AF005902A1 /* ImagePickerController */,
				4228CFE81CC665AF005902A1 /* ImagePickerControllerTests */,
				4228CFF31CC665AF005902A1 /* ImagePickerControllerUITests */,
			);
		};
/* End PBXProject section */

/* Begin PBXResourcesBuildPhase section */
		4228CFD31CC665AF005902A1 /* Resources */ = {
			isa = PBXResourcesBuildPhase;
			buildActionMask = 2147483647;
			files = (
				42E712661CC816B400017759 /* selectedImageGallery@3x.png in Resources */,
				4228CFE31CC665AF005902A1 /* LaunchScreen.storyboard in Resources */,
				4228CFE01CC665AF005902A1 /* Assets.xcassets in Resources */,
				42E712621CC816B400017759 /* cameraIcon@3x.png in Resources */,
				42E712631CC816B400017759 /* focusIcon@3x.png in Resources */,
				42E712651CC816B400017759 /* ON@3x.png in Resources */,
				42E712611CC816B400017759 /* AUTO@3x.png in Resources */,
				4228CFDE1CC665AF005902A1 /* Main.storyboard in Resources */,
				42E712641CC816B400017759 /* OFF@3x.png in Resources */,
			);
			runOnlyForDeploymentPostprocessing = 0;
		};
		4228CFE71CC665AF005902A1 /* Resources */ = {
			isa = PBXResourcesBuildPhase;
			buildActionMask = 2147483647;
			files = (
			);
			runOnlyForDeploymentPostprocessing = 0;
		};
		4228CFF21CC665AF005902A1 /* Resources */ = {
			isa = PBXResourcesBuildPhase;
			buildActionMask = 2147483647;
			files = (
			);
			runOnlyForDeploymentPostprocessing = 0;
		};
/* End PBXResourcesBuildPhase section */

/* Begin PBXSourcesBuildPhase section */
		4228CFD11CC665AF005902A1 /* Sources */ = {
			isa = PBXSourcesBuildPhase;
			buildActionMask = 2147483647;
			files = (
				4228D0181CC6FFEE005902A1 /* BottomView.swift in Sources */,
				4228D01A1CC7014A005902A1 /* ShutterButton.swift in Sources */,
				4228CFDB1CC665AF005902A1 /* ViewController.swift in Sources */,
				42E712591CC7D07B00017759 /* ImageStackView.swift in Sources */,
				42E712681CC816DE00017759 /* AssetManager.swift in Sources */,
				4228D0081CC665D8005902A1 /* ImagePickerController.swift in Sources */,
				4228D00C1CC66617005902A1 /* GalleryCollectionViewCell.swift in Sources */,
				4228D00E1CC666FC005902A1 /* ImagePickerModel.swift in Sources */,
				4228D0101CC69659005902A1 /* CameraViewController.swift in Sources */,
				4228CFD91CC665AF005902A1 /* AppDelegate.swift in Sources */,
				4228D0141CC6E2F0005902A1 /* TopView.swift in Sources */,
				4228D00A1CC665F8005902A1 /* GalleryViewController.swift in Sources */,
			);
			runOnlyForDeploymentPostprocessing = 0;
		};
		4228CFE51CC665AF005902A1 /* Sources */ = {
			isa = PBXSourcesBuildPhase;
			buildActionMask = 2147483647;
			files = (
				4228CFEE1CC665AF005902A1 /* ImagePickerControllerTests.swift in Sources */,
			);
			runOnlyForDeploymentPostprocessing = 0;
		};
		4228CFF01CC665AF005902A1 /* Sources */ = {
			isa = PBXSourcesBuildPhase;
			buildActionMask = 2147483647;
			files = (
				4228CFF91CC665AF005902A1 /* ImagePickerControllerUITests.swift in Sources */,
			);
			runOnlyForDeploymentPostprocessing = 0;
		};
/* End PBXSourcesBuildPhase section */

/* Begin PBXTargetDependency section */
		4228CFEB1CC665AF005902A1 /* PBXTargetDependency */ = {
			isa = PBXTargetDependency;
			target = 4228CFD41CC665AF005902A1 /* ImagePickerController */;
			targetProxy = 4228CFEA1CC665AF005902A1 /* PBXContainerItemProxy */;
		};
		4228CFF61CC665AF005902A1 /* PBXTargetDependency */ = {
			isa = PBXTargetDependency;
			target = 4228CFD41CC665AF005902A1 /* ImagePickerController */;
			targetProxy = 4228CFF51CC665AF005902A1 /* PBXContainerItemProxy */;
		};
/* End PBXTargetDependency section */

/* Begin PBXVariantGroup section */
		4228CFDC1CC665AF005902A1 /* Main.storyboard */ = {
			isa = PBXVariantGroup;
			children = (
				4228CFDD1CC665AF005902A1 /* Base */,
			);
			name = Main.storyboard;
			sourceTree = "<group>";
		};
		4228CFE11CC665AF005902A1 /* LaunchScreen.storyboard */ = {
			isa = PBXVariantGroup;
			children = (
				4228CFE21CC665AF005902A1 /* Base */,
			);
			name = LaunchScreen.storyboard;
			sourceTree = "<group>";
		};
/* End PBXVariantGroup section */

/* Begin XCBuildConfiguration section */
		4228CFFB1CC665AF005902A1 /* Debug */ = {
			isa = XCBuildConfiguration;
			buildSettings = {
				ALWAYS_SEARCH_USER_PATHS = NO;
				CLANG_ANALYZER_NONNULL = YES;
				CLANG_CXX_LANGUAGE_STANDARD = "gnu++0x";
				CLANG_CXX_LIBRARY = "libc++";
				CLANG_ENABLE_MODULES = YES;
				CLANG_ENABLE_OBJC_ARC = YES;
				CLANG_WARN_BOOL_CONVERSION = YES;
				CLANG_WARN_CONSTANT_CONVERSION = YES;
				CLANG_WARN_DIRECT_OBJC_ISA_USAGE = YES_ERROR;
				CLANG_WARN_EMPTY_BODY = YES;
				CLANG_WARN_ENUM_CONVERSION = YES;
				CLANG_WARN_INT_CONVERSION = YES;
				CLANG_WARN_OBJC_ROOT_CLASS = YES_ERROR;
				CLANG_WARN_UNREACHABLE_CODE = YES;
				CLANG_WARN__DUPLICATE_METHOD_MATCH = YES;
				"CODE_SIGN_IDENTITY[sdk=iphoneos*]" = "iPhone Developer";
				COPY_PHASE_STRIP = NO;
				DEBUG_INFORMATION_FORMAT = dwarf;
				ENABLE_STRICT_OBJC_MSGSEND = YES;
				ENABLE_TESTABILITY = YES;
				GCC_C_LANGUAGE_STANDARD = gnu99;
				GCC_DYNAMIC_NO_PIC = NO;
				GCC_NO_COMMON_BLOCKS = YES;
				GCC_OPTIMIZATION_LEVEL = 0;
				GCC_PREPROCESSOR_DEFINITIONS = (
					"DEBUG=1",
					"$(inherited)",
				);
				GCC_WARN_64_TO_32_BIT_CONVERSION = YES;
				GCC_WARN_ABOUT_RETURN_TYPE = YES_ERROR;
				GCC_WARN_UNDECLARED_SELECTOR = YES;
				GCC_WARN_UNINITIALIZED_AUTOS = YES_AGGRESSIVE;
				GCC_WARN_UNUSED_FUNCTION = YES;
				GCC_WARN_UNUSED_VARIABLE = YES;
				IPHONEOS_DEPLOYMENT_TARGET = 9.3;
				MTL_ENABLE_DEBUG_INFO = YES;
				ONLY_ACTIVE_ARCH = YES;
				SDKROOT = iphoneos;
				SWIFT_OPTIMIZATION_LEVEL = "-Onone";
			};
			name = Debug;
		};
		4228CFFC1CC665AF005902A1 /* Release */ = {
			isa = XCBuildConfiguration;
			buildSettings = {
				ALWAYS_SEARCH_USER_PATHS = NO;
				CLANG_ANALYZER_NONNULL = YES;
				CLANG_CXX_LANGUAGE_STANDARD = "gnu++0x";
				CLANG_CXX_LIBRARY = "libc++";
				CLANG_ENABLE_MODULES = YES;
				CLANG_ENABLE_OBJC_ARC = YES;
				CLANG_WARN_BOOL_CONVERSION = YES;
				CLANG_WARN_CONSTANT_CONVERSION = YES;
				CLANG_WARN_DIRECT_OBJC_ISA_USAGE = YES_ERROR;
				CLANG_WARN_EMPTY_BODY = YES;
				CLANG_WARN_ENUM_CONVERSION = YES;
				CLANG_WARN_INT_CONVERSION = YES;
				CLANG_WARN_OBJC_ROOT_CLASS = YES_ERROR;
				CLANG_WARN_UNREACHABLE_CODE = YES;
				CLANG_WARN__DUPLICATE_METHOD_MATCH = YES;
				"CODE_SIGN_IDENTITY[sdk=iphoneos*]" = "iPhone Developer";
				COPY_PHASE_STRIP = NO;
				DEBUG_INFORMATION_FORMAT = "dwarf-with-dsym";
				ENABLE_NS_ASSERTIONS = NO;
				ENABLE_STRICT_OBJC_MSGSEND = YES;
				GCC_C_LANGUAGE_STANDARD = gnu99;
				GCC_NO_COMMON_BLOCKS = YES;
				GCC_WARN_64_TO_32_BIT_CONVERSION = YES;
				GCC_WARN_ABOUT_RETURN_TYPE = YES_ERROR;
				GCC_WARN_UNDECLARED_SELECTOR = YES;
				GCC_WARN_UNINITIALIZED_AUTOS = YES_AGGRESSIVE;
				GCC_WARN_UNUSED_FUNCTION = YES;
				GCC_WARN_UNUSED_VARIABLE = YES;
				IPHONEOS_DEPLOYMENT_TARGET = 9.3;
				MTL_ENABLE_DEBUG_INFO = NO;
				SDKROOT = iphoneos;
				VALIDATE_PRODUCT = YES;
			};
			name = Release;
		};
		4228CFFE1CC665AF005902A1 /* Debug */ = {
			isa = XCBuildConfiguration;
			buildSettings = {
				ASSETCATALOG_COMPILER_APPICON_NAME = AppIcon;
				CODE_SIGN_IDENTITY = "iPhone Developer";
				"CODE_SIGN_IDENTITY[sdk=iphoneos*]" = "iPhone Developer";
				INFOPLIST_FILE = ImagePickerController/Info.plist;
				LD_RUNPATH_SEARCH_PATHS = "$(inherited) @executable_path/Frameworks";
				PRODUCT_BUNDLE_IDENTIFIER = com.sixoverground.ImagePickerController;
				PRODUCT_NAME = "$(TARGET_NAME)";
				PROVISIONING_PROFILE = "";
			};
			name = Debug;
		};
		4228CFFF1CC665AF005902A1 /* Release */ = {
			isa = XCBuildConfiguration;
			buildSettings = {
				ASSETCATALOG_COMPILER_APPICON_NAME = AppIcon;
				CODE_SIGN_IDENTITY = "iPhone Developer";
				"CODE_SIGN_IDENTITY[sdk=iphoneos*]" = "iPhone Developer";
				INFOPLIST_FILE = ImagePickerController/Info.plist;
				LD_RUNPATH_SEARCH_PATHS = "$(inherited) @executable_path/Frameworks";
				PRODUCT_BUNDLE_IDENTIFIER = com.sixoverground.ImagePickerController;
				PRODUCT_NAME = "$(TARGET_NAME)";
				PROVISIONING_PROFILE = "";
			};
			name = Release;
		};
		4228D0011CC665AF005902A1 /* Debug */ = {
			isa = XCBuildConfiguration;
			buildSettings = {
				BUNDLE_LOADER = "$(TEST_HOST)";
				INFOPLIST_FILE = ImagePickerControllerTests/Info.plist;
				LD_RUNPATH_SEARCH_PATHS = "$(inherited) @executable_path/Frameworks @loader_path/Frameworks";
				PRODUCT_BUNDLE_IDENTIFIER = com.sixoverground.ImagePickerControllerTests;
				PRODUCT_NAME = "$(TARGET_NAME)";
				TEST_HOST = "$(BUILT_PRODUCTS_DIR)/ImagePickerController.app/ImagePickerController";
			};
			name = Debug;
		};
		4228D0021CC665AF005902A1 /* Release */ = {
			isa = XCBuildConfiguration;
			buildSettings = {
				BUNDLE_LOADER = "$(TEST_HOST)";
				INFOPLIST_FILE = ImagePickerControllerTests/Info.plist;
				LD_RUNPATH_SEARCH_PATHS = "$(inherited) @executable_path/Frameworks @loader_path/Frameworks";
				PRODUCT_BUNDLE_IDENTIFIER = com.sixoverground.ImagePickerControllerTests;
				PRODUCT_NAME = "$(TARGET_NAME)";
				TEST_HOST = "$(BUILT_PRODUCTS_DIR)/ImagePickerController.app/ImagePickerController";
			};
			name = Release;
		};
		4228D0041CC665AF005902A1 /* Debug */ = {
			isa = XCBuildConfiguration;
			buildSettings = {
				INFOPLIST_FILE = ImagePickerControllerUITests/Info.plist;
				LD_RUNPATH_SEARCH_PATHS = "$(inherited) @executable_path/Frameworks @loader_path/Frameworks";
				PRODUCT_BUNDLE_IDENTIFIER = com.sixoverground.ImagePickerControllerUITests;
				PRODUCT_NAME = "$(TARGET_NAME)";
				TEST_TARGET_NAME = ImagePickerController;
			};
			name = Debug;
		};
		4228D0051CC665AF005902A1 /* Release */ = {
			isa = XCBuildConfiguration;
			buildSettings = {
				INFOPLIST_FILE = ImagePickerControllerUITests/Info.plist;
				LD_RUNPATH_SEARCH_PATHS = "$(inherited) @executable_path/Frameworks @loader_path/Frameworks";
				PRODUCT_BUNDLE_IDENTIFIER = com.sixoverground.ImagePickerControllerUITests;
				PRODUCT_NAME = "$(TARGET_NAME)";
				TEST_TARGET_NAME = ImagePickerController;
			};
			name = Release;
		};
/* End XCBuildConfiguration section */

/* Begin XCConfigurationList section */
		4228CFD01CC665AF005902A1 /* Build configuration list for PBXProject "ImagePickerController" */ = {
			isa = XCConfigurationList;
			buildConfigurations = (
				4228CFFB1CC665AF005902A1 /* Debug */,
				4228CFFC1CC665AF005902A1 /* Release */,
			);
			defaultConfigurationIsVisible = 0;
			defaultConfigurationName = Release;
		};
		4228CFFD1CC665AF005902A1 /* Build configuration list for PBXNativeTarget "ImagePickerController" */ = {
			isa = XCConfigurationList;
			buildConfigurations = (
				4228CFFE1CC665AF005902A1 /* Debug */,
				4228CFFF1CC665AF005902A1 /* Release */,
			);
			defaultConfigurationIsVisible = 0;
			defaultConfigurationName = Release;
		};
		4228D0001CC665AF005902A1 /* Build configuration list for PBXNativeTarget "ImagePickerControllerTests" */ = {
			isa = XCConfigurationList;
			buildConfigurations = (
				4228D0011CC665AF005902A1 /* Debug */,
				4228D0021CC665AF005902A1 /* Release */,
			);
			defaultConfigurationIsVisible = 0;
			defaultConfigurationName = Release;
		};
		4228D0031CC665AF005902A1 /* Build configuration list for PBXNativeTarget "ImagePickerControllerUITests" */ = {
			isa = XCConfigurationList;
			buildConfigurations = (
				4228D0041CC665AF005902A1 /* Debug */,
				4228D0051CC665AF005902A1 /* Release */,
			);
			defaultConfigurationIsVisible = 0;
			defaultConfigurationName = Release;
		};
/* End XCConfigurationList section */
	};
	rootObject = 4228CFCD1CC665AF005902A1 /* Project object */;
}
